// !$*UTF8*$!
{
	archiveVersion = 1;
	classes = {
	};
	objectVersion = 55;
	objects = {

/* Begin PBXBuildFile section */
		D23EEDAA283CFA8F008CC637 /* DeviceType.swift in Sources */ = {isa = PBXBuildFile; fileRef = D23EEDA9283CFA8F008CC637 /* DeviceType.swift */; };
		D23EEDAD283CFC42008CC637 /* ColorExtension.swift in Sources */ = {isa = PBXBuildFile; fileRef = D23EEDAC283CFC42008CC637 /* ColorExtension.swift */; };
		D23EEDAF283CFC4D008CC637 /* DoubleExtension.swift in Sources */ = {isa = PBXBuildFile; fileRef = D23EEDAE283CFC4D008CC637 /* DoubleExtension.swift */; };
		D23EEDB3283CFE7E008CC637 /* FontSizes.swift in Sources */ = {isa = PBXBuildFile; fileRef = D23EEDB2283CFE7E008CC637 /* FontSizes.swift */; };
		D23EEDB5283D00E2008CC637 /* WidgetColors.swift in Sources */ = {isa = PBXBuildFile; fileRef = D23EEDB4283D00E2008CC637 /* WidgetColors.swift */; };
		D23EEDB7283D01D6008CC637 /* FontTypes.swift in Sources */ = {isa = PBXBuildFile; fileRef = D23EEDB6283D01D6008CC637 /* FontTypes.swift */; };
		D23EEDBD283D0276008CC637 /* DividerView.swift in Sources */ = {isa = PBXBuildFile; fileRef = D23EEDBC283D0276008CC637 /* DividerView.swift */; };
		D23EEDBF283D028B008CC637 /* CurrencyView.swift in Sources */ = {isa = PBXBuildFile; fileRef = D23EEDBE283D028B008CC637 /* CurrencyView.swift */; };
		D23EEDC1283D02AE008CC637 /* CurrencyWidgetView.swift in Sources */ = {isa = PBXBuildFile; fileRef = D23EEDC0283D02AE008CC637 /* CurrencyWidgetView.swift */; };
		D23EEDC3283D039D008CC637 /* TextExtension.swift in Sources */ = {isa = PBXBuildFile; fileRef = D23EEDC2283D039D008CC637 /* TextExtension.swift */; };
		D23EEDC7283D098D008CC637 /* CurrencyModel.swift in Sources */ = {isa = PBXBuildFile; fileRef = D23EEDC6283D098D008CC637 /* CurrencyModel.swift */; };
		D23EEDC9283D1570008CC637 /* HeaderView.swift in Sources */ = {isa = PBXBuildFile; fileRef = D23EEDC8283D1570008CC637 /* HeaderView.swift */; };
		D23EEDCB283D1852008CC637 /* CurrencyHeaderView.swift in Sources */ = {isa = PBXBuildFile; fileRef = D23EEDCA283D1852008CC637 /* CurrencyHeaderView.swift */; };
		D23EEDCD283D1CFF008CC637 /* CurrencyListView.swift in Sources */ = {isa = PBXBuildFile; fileRef = D23EEDCC283D1CFF008CC637 /* CurrencyListView.swift */; };
		D23EEDCF283D1F46008CC637 /* ShortcutView.swift in Sources */ = {isa = PBXBuildFile; fileRef = D23EEDCE283D1F46008CC637 /* ShortcutView.swift */; };
		D23EEDD1283D1FB6008CC637 /* ShortcutModel.swift in Sources */ = {isa = PBXBuildFile; fileRef = D23EEDD0283D1FB6008CC637 /* ShortcutModel.swift */; };
		D23EEDD3283D20BB008CC637 /* ShortcutListView.swift in Sources */ = {isa = PBXBuildFile; fileRef = D23EEDD2283D20BB008CC637 /* ShortcutListView.swift */; };
		D23EEDD5283D2208008CC637 /* FooterView.swift in Sources */ = {isa = PBXBuildFile; fileRef = D23EEDD4283D2208008CC637 /* FooterView.swift */; };
		D23EEDD7283D22B4008CC637 /* CurrencyWidgetEntryView.swift in Sources */ = {isa = PBXBuildFile; fileRef = D23EEDD6283D22B4008CC637 /* CurrencyWidgetEntryView.swift */; };
		D23EEDD9283D299F008CC637 /* LargeWidgetView.swift in Sources */ = {isa = PBXBuildFile; fileRef = D23EEDD8283D299F008CC637 /* LargeWidgetView.swift */; };
		D23EEDDB283D29AA008CC637 /* MediumWidgetView.swift in Sources */ = {isa = PBXBuildFile; fileRef = D23EEDDA283D29AA008CC637 /* MediumWidgetView.swift */; };
		D279E054281143BA00D520A9 /* WidgetKit.framework in Frameworks */ = {isa = PBXBuildFile; fileRef = D279E053281143BA00D520A9 /* WidgetKit.framework */; };
		D279E056281143BA00D520A9 /* SwiftUI.framework in Frameworks */ = {isa = PBXBuildFile; fileRef = D279E055281143BA00D520A9 /* SwiftUI.framework */; };
		D279E059281143BA00D520A9 /* WidgetDemo.swift in Sources */ = {isa = PBXBuildFile; fileRef = D279E058281143BA00D520A9 /* WidgetDemo.swift */; };
		D279E05B281143BA00D520A9 /* Assets.xcassets in Resources */ = {isa = PBXBuildFile; fileRef = D279E05A281143BA00D520A9 /* Assets.xcassets */; };
		D279E05F281143BA00D520A9 /* WidgetDemoExtension.appex in Embed App Extensions */ = {isa = PBXBuildFile; fileRef = D279E051281143B900D520A9 /* WidgetDemoExtension.appex */; settings = {ATTRIBUTES = (RemoveHeadersOnCopy, ); }; };
		D2B58F3B27FC8732003CF140 /* WidgetDesignDemoApp.swift in Sources */ = {isa = PBXBuildFile; fileRef = D2B58F3A27FC8732003CF140 /* WidgetDesignDemoApp.swift */; };
		D2B58F3D27FC8732003CF140 /* ContentView.swift in Sources */ = {isa = PBXBuildFile; fileRef = D2B58F3C27FC8732003CF140 /* ContentView.swift */; };
		D2B58F3F27FC8733003CF140 /* Assets.xcassets in Resources */ = {isa = PBXBuildFile; fileRef = D2B58F3E27FC8733003CF140 /* Assets.xcassets */; };
		D2B58F4227FC8733003CF140 /* Preview Assets.xcassets in Resources */ = {isa = PBXBuildFile; fileRef = D2B58F4127FC8733003CF140 /* Preview Assets.xcassets */; };
		D2B58F4C27FC8733003CF140 /* WidgetDesignDemoTests.swift in Sources */ = {isa = PBXBuildFile; fileRef = D2B58F4B27FC8733003CF140 /* WidgetDesignDemoTests.swift */; };
		D2B58F5627FC8733003CF140 /* WidgetDesignDemoUITests.swift in Sources */ = {isa = PBXBuildFile; fileRef = D2B58F5527FC8733003CF140 /* WidgetDesignDemoUITests.swift */; };
		D2B58F5827FC8733003CF140 /* WidgetDesignDemoUITestsLaunchTests.swift in Sources */ = {isa = PBXBuildFile; fileRef = D2B58F5727FC8733003CF140 /* WidgetDesignDemoUITestsLaunchTests.swift */; };
/* End PBXBuildFile section */

/* Begin PBXContainerItemProxy section */
		D279E05D281143BA00D520A9 /* PBXContainerItemProxy */ = {
			isa = PBXContainerItemProxy;
			containerPortal = D2B58F2F27FC8732003CF140 /* Project object */;
			proxyType = 1;
			remoteGlobalIDString = D279E050281143B900D520A9;
			remoteInfo = WidgetDemoExtension;
		};
		D2B58F4827FC8733003CF140 /* PBXContainerItemProxy */ = {
			isa = PBXContainerItemProxy;
			containerPortal = D2B58F2F27FC8732003CF140 /* Project object */;
			proxyType = 1;
			remoteGlobalIDString = D2B58F3627FC8732003CF140;
			remoteInfo = WidgetDesignDemo;
		};
		D2B58F5227FC8733003CF140 /* PBXContainerItemProxy */ = {
			isa = PBXContainerItemProxy;
			containerPortal = D2B58F2F27FC8732003CF140 /* Project object */;
			proxyType = 1;
			remoteGlobalIDString = D2B58F3627FC8732003CF140;
			remoteInfo = WidgetDesignDemo;
		};
/* End PBXContainerItemProxy section */

/* Begin PBXCopyFilesBuildPhase section */
		D279E060281143BA00D520A9 /* Embed App Extensions */ = {
			isa = PBXCopyFilesBuildPhase;
			buildActionMask = 2147483647;
			dstPath = "";
			dstSubfolderSpec = 13;
			files = (
				D279E05F281143BA00D520A9 /* WidgetDemoExtension.appex in Embed App Extensions */,
			);
			name = "Embed App Extensions";
			runOnlyForDeploymentPostprocessing = 0;
		};
/* End PBXCopyFilesBuildPhase section */

/* Begin PBXFileReference section */
		D23EEDA9283CFA8F008CC637 /* DeviceType.swift */ = {isa = PBXFileReference; lastKnownFileType = sourcecode.swift; path = DeviceType.swift; sourceTree = "<group>"; };
		D23EEDAC283CFC42008CC637 /* ColorExtension.swift */ = {isa = PBXFileReference; lastKnownFileType = sourcecode.swift; path = ColorExtension.swift; sourceTree = "<group>"; };
		D23EEDAE283CFC4D008CC637 /* DoubleExtension.swift */ = {isa = PBXFileReference; lastKnownFileType = sourcecode.swift; path = DoubleExtension.swift; sourceTree = "<group>"; };
		D23EEDB2283CFE7E008CC637 /* FontSizes.swift */ = {isa = PBXFileReference; lastKnownFileType = sourcecode.swift; path = FontSizes.swift; sourceTree = "<group>"; };
		D23EEDB4283D00E2008CC637 /* WidgetColors.swift */ = {isa = PBXFileReference; lastKnownFileType = sourcecode.swift; path = WidgetColors.swift; sourceTree = "<group>"; };
		D23EEDB6283D01D6008CC637 /* FontTypes.swift */ = {isa = PBXFileReference; lastKnownFileType = sourcecode.swift; path = FontTypes.swift; sourceTree = "<group>"; };
		D23EEDBC283D0276008CC637 /* DividerView.swift */ = {isa = PBXFileReference; lastKnownFileType = sourcecode.swift; path = DividerView.swift; sourceTree = "<group>"; };
		D23EEDBE283D028B008CC637 /* CurrencyView.swift */ = {isa = PBXFileReference; lastKnownFileType = sourcecode.swift; path = CurrencyView.swift; sourceTree = "<group>"; };
		D23EEDC0283D02AE008CC637 /* CurrencyWidgetView.swift */ = {isa = PBXFileReference; lastKnownFileType = sourcecode.swift; path = CurrencyWidgetView.swift; sourceTree = "<group>"; };
		D23EEDC2283D039D008CC637 /* TextExtension.swift */ = {isa = PBXFileReference; lastKnownFileType = sourcecode.swift; path = TextExtension.swift; sourceTree = "<group>"; };
		D23EEDC6283D098D008CC637 /* CurrencyModel.swift */ = {isa = PBXFileReference; lastKnownFileType = sourcecode.swift; path = CurrencyModel.swift; sourceTree = "<group>"; };
		D23EEDC8283D1570008CC637 /* HeaderView.swift */ = {isa = PBXFileReference; lastKnownFileType = sourcecode.swift; path = HeaderView.swift; sourceTree = "<group>"; };
		D23EEDCA283D1852008CC637 /* CurrencyHeaderView.swift */ = {isa = PBXFileReference; lastKnownFileType = sourcecode.swift; path = CurrencyHeaderView.swift; sourceTree = "<group>"; };
		D23EEDCC283D1CFF008CC637 /* CurrencyListView.swift */ = {isa = PBXFileReference; lastKnownFileType = sourcecode.swift; path = CurrencyListView.swift; sourceTree = "<group>"; };
		D23EEDCE283D1F46008CC637 /* ShortcutView.swift */ = {isa = PBXFileReference; lastKnownFileType = sourcecode.swift; path = ShortcutView.swift; sourceTree = "<group>"; };
		D23EEDD0283D1FB6008CC637 /* ShortcutModel.swift */ = {isa = PBXFileReference; lastKnownFileType = sourcecode.swift; path = ShortcutModel.swift; sourceTree = "<group>"; };
		D23EEDD2283D20BB008CC637 /* ShortcutListView.swift */ = {isa = PBXFileReference; lastKnownFileType = sourcecode.swift; path = ShortcutListView.swift; sourceTree = "<group>"; };
		D23EEDD4283D2208008CC637 /* FooterView.swift */ = {isa = PBXFileReference; lastKnownFileType = sourcecode.swift; path = FooterView.swift; sourceTree = "<group>"; };
		D23EEDD6283D22B4008CC637 /* CurrencyWidgetEntryView.swift */ = {isa = PBXFileReference; lastKnownFileType = sourcecode.swift; path = CurrencyWidgetEntryView.swift; sourceTree = "<group>"; };
		D23EEDD8283D299F008CC637 /* LargeWidgetView.swift */ = {isa = PBXFileReference; lastKnownFileType = sourcecode.swift; path = LargeWidgetView.swift; sourceTree = "<group>"; };
		D23EEDDA283D29AA008CC637 /* MediumWidgetView.swift */ = {isa = PBXFileReference; lastKnownFileType = sourcecode.swift; path = MediumWidgetView.swift; sourceTree = "<group>"; };
		D279E051281143B900D520A9 /* WidgetDemoExtension.appex */ = {isa = PBXFileReference; explicitFileType = "wrapper.app-extension"; includeInIndex = 0; path = WidgetDemoExtension.appex; sourceTree = BUILT_PRODUCTS_DIR; };
		D279E053281143BA00D520A9 /* WidgetKit.framework */ = {isa = PBXFileReference; lastKnownFileType = wrapper.framework; name = WidgetKit.framework; path = System/Library/Frameworks/WidgetKit.framework; sourceTree = SDKROOT; };
		D279E055281143BA00D520A9 /* SwiftUI.framework */ = {isa = PBXFileReference; lastKnownFileType = wrapper.framework; name = SwiftUI.framework; path = System/Library/Frameworks/SwiftUI.framework; sourceTree = SDKROOT; };
		D279E058281143BA00D520A9 /* WidgetDemo.swift */ = {isa = PBXFileReference; lastKnownFileType = sourcecode.swift; path = WidgetDemo.swift; sourceTree = "<group>"; };
		D279E05A281143BA00D520A9 /* Assets.xcassets */ = {isa = PBXFileReference; lastKnownFileType = folder.assetcatalog; path = Assets.xcassets; sourceTree = "<group>"; };
		D279E05C281143BA00D520A9 /* Info.plist */ = {isa = PBXFileReference; lastKnownFileType = text.plist.xml; path = Info.plist; sourceTree = "<group>"; };
		D2B58F3727FC8732003CF140 /* WidgetDesignDemo.app */ = {isa = PBXFileReference; explicitFileType = wrapper.application; includeInIndex = 0; path = WidgetDesignDemo.app; sourceTree = BUILT_PRODUCTS_DIR; };
		D2B58F3A27FC8732003CF140 /* WidgetDesignDemoApp.swift */ = {isa = PBXFileReference; lastKnownFileType = sourcecode.swift; path = WidgetDesignDemoApp.swift; sourceTree = "<group>"; };
		D2B58F3C27FC8732003CF140 /* ContentView.swift */ = {isa = PBXFileReference; lastKnownFileType = sourcecode.swift; path = ContentView.swift; sourceTree = "<group>"; };
		D2B58F3E27FC8733003CF140 /* Assets.xcassets */ = {isa = PBXFileReference; lastKnownFileType = folder.assetcatalog; path = Assets.xcassets; sourceTree = "<group>"; };
		D2B58F4127FC8733003CF140 /* Preview Assets.xcassets */ = {isa = PBXFileReference; lastKnownFileType = folder.assetcatalog; path = "Preview Assets.xcassets"; sourceTree = "<group>"; };
		D2B58F4727FC8733003CF140 /* WidgetDesignDemoTests.xctest */ = {isa = PBXFileReference; explicitFileType = wrapper.cfbundle; includeInIndex = 0; path = WidgetDesignDemoTests.xctest; sourceTree = BUILT_PRODUCTS_DIR; };
		D2B58F4B27FC8733003CF140 /* WidgetDesignDemoTests.swift */ = {isa = PBXFileReference; lastKnownFileType = sourcecode.swift; path = WidgetDesignDemoTests.swift; sourceTree = "<group>"; };
		D2B58F5127FC8733003CF140 /* WidgetDesignDemoUITests.xctest */ = {isa = PBXFileReference; explicitFileType = wrapper.cfbundle; includeInIndex = 0; path = WidgetDesignDemoUITests.xctest; sourceTree = BUILT_PRODUCTS_DIR; };
		D2B58F5527FC8733003CF140 /* WidgetDesignDemoUITests.swift */ = {isa = PBXFileReference; lastKnownFileType = sourcecode.swift; path = WidgetDesignDemoUITests.swift; sourceTree = "<group>"; };
		D2B58F5727FC8733003CF140 /* WidgetDesignDemoUITestsLaunchTests.swift */ = {isa = PBXFileReference; lastKnownFileType = sourcecode.swift; path = WidgetDesignDemoUITestsLaunchTests.swift; sourceTree = "<group>"; };
/* End PBXFileReference section */

/* Begin PBXFrameworksBuildPhase section */
		D279E04E281143B900D520A9 /* Frameworks */ = {
			isa = PBXFrameworksBuildPhase;
			buildActionMask = 2147483647;
			files = (
				D279E056281143BA00D520A9 /* SwiftUI.framework in Frameworks */,
				D279E054281143BA00D520A9 /* WidgetKit.framework in Frameworks */,
			);
			runOnlyForDeploymentPostprocessing = 0;
		};
		D2B58F3427FC8732003CF140 /* Frameworks */ = {
			isa = PBXFrameworksBuildPhase;
			buildActionMask = 2147483647;
			files = (
			);
			runOnlyForDeploymentPostprocessing = 0;
		};
		D2B58F4427FC8733003CF140 /* Frameworks */ = {
			isa = PBXFrameworksBuildPhase;
			buildActionMask = 2147483647;
			files = (
			);
			runOnlyForDeploymentPostprocessing = 0;
		};
		D2B58F4E27FC8733003CF140 /* Frameworks */ = {
			isa = PBXFrameworksBuildPhase;
			buildActionMask = 2147483647;
			files = (
			);
			runOnlyForDeploymentPostprocessing = 0;
		};
/* End PBXFrameworksBuildPhase section */

/* Begin PBXGroup section */
		D23EEDAB283CFC0E008CC637 /* Extensions */ = {
			isa = PBXGroup;
			children = (
				D23EEDAC283CFC42008CC637 /* ColorExtension.swift */,
				D23EEDAE283CFC4D008CC637 /* DoubleExtension.swift */,
			);
			path = Extensions;
			sourceTree = "<group>";
		};
		D23EEDB0283CFCCD008CC637 /* Common */ = {
			isa = PBXGroup;
			children = (
				D23EEDB1283CFCD3008CC637 /* Enumerations */,
			);
			path = Common;
			sourceTree = "<group>";
		};
		D23EEDB1283CFCD3008CC637 /* Enumerations */ = {
			isa = PBXGroup;
			children = (
				D23EEDA9283CFA8F008CC637 /* DeviceType.swift */,
				D23EEDB2283CFE7E008CC637 /* FontSizes.swift */,
				D23EEDB4283D00E2008CC637 /* WidgetColors.swift */,
				D23EEDB6283D01D6008CC637 /* FontTypes.swift */,
			);
			path = Enumerations;
			sourceTree = "<group>";
		};
		D23EEDB8283D024A008CC637 /* Presentation */ = {
			isa = PBXGroup;
			children = (
				D23EEDC5283D097D008CC637 /* Models */,
				D23EEDC4283D03CD008CC637 /* Components */,
				D23EEDBB283D025C008CC637 /* Views */,
			);
			path = Presentation;
			sourceTree = "<group>";
		};
		D23EEDB9283D0252008CC637 /* Scenes */ = {
			isa = PBXGroup;
			children = (
				D23EEDBA283D0256008CC637 /* Views */,
				D23EEDC0283D02AE008CC637 /* CurrencyWidgetView.swift */,
				D23EEDD8283D299F008CC637 /* LargeWidgetView.swift */,
				D23EEDDA283D29AA008CC637 /* MediumWidgetView.swift */,
			);
			path = Scenes;
			sourceTree = "<group>";
		};
		D23EEDBA283D0256008CC637 /* Views */ = {
			isa = PBXGroup;
			children = (
				D23EEDC8283D1570008CC637 /* HeaderView.swift */,
				D23EEDCA283D1852008CC637 /* CurrencyHeaderView.swift */,
				D23EEDBE283D028B008CC637 /* CurrencyView.swift */,
				D23EEDCC283D1CFF008CC637 /* CurrencyListView.swift */,
				D23EEDCE283D1F46008CC637 /* ShortcutView.swift */,
				D23EEDD2283D20BB008CC637 /* ShortcutListView.swift */,
				D23EEDD4283D2208008CC637 /* FooterView.swift */,
				D23EEDD6283D22B4008CC637 /* CurrencyWidgetEntryView.swift */,
			);
			path = Views;
			sourceTree = "<group>";
		};
		D23EEDBB283D025C008CC637 /* Views */ = {
			isa = PBXGroup;
			children = (
				D23EEDBC283D0276008CC637 /* DividerView.swift */,
			);
			path = Views;
			sourceTree = "<group>";
		};
		D23EEDC4283D03CD008CC637 /* Components */ = {
			isa = PBXGroup;
			children = (
				D23EEDC2283D039D008CC637 /* TextExtension.swift */,
			);
			path = Components;
			sourceTree = "<group>";
		};
		D23EEDC5283D097D008CC637 /* Models */ = {
			isa = PBXGroup;
			children = (
				D23EEDC6283D098D008CC637 /* CurrencyModel.swift */,
				D23EEDD0283D1FB6008CC637 /* ShortcutModel.swift */,
			);
			path = Models;
			sourceTree = "<group>";
		};
		D279E052281143BA00D520A9 /* Frameworks */ = {
			isa = PBXGroup;
			children = (
				D279E053281143BA00D520A9 /* WidgetKit.framework */,
				D279E055281143BA00D520A9 /* SwiftUI.framework */,
			);
			name = Frameworks;
			sourceTree = "<group>";
		};
		D279E057281143BA00D520A9 /* WidgetDemo */ = {
			isa = PBXGroup;
			children = (
				D23EEDB0283CFCCD008CC637 /* Common */,
				D23EEDAB283CFC0E008CC637 /* Extensions */,
				D23EEDB8283D024A008CC637 /* Presentation */,
				D23EEDB9283D0252008CC637 /* Scenes */,
				D279E058281143BA00D520A9 /* WidgetDemo.swift */,
				D279E05A281143BA00D520A9 /* Assets.xcassets */,
				D279E05C281143BA00D520A9 /* Info.plist */,
			);
			path = WidgetDemo;
			sourceTree = "<group>";
		};
		D2B58F2E27FC8732003CF140 = {
			isa = PBXGroup;
			children = (
				D2B58F3927FC8732003CF140 /* WidgetDesignDemo */,
				D2B58F4A27FC8733003CF140 /* WidgetDesignDemoTests */,
				D2B58F5427FC8733003CF140 /* WidgetDesignDemoUITests */,
				D279E057281143BA00D520A9 /* WidgetDemo */,
				D279E052281143BA00D520A9 /* Frameworks */,
				D2B58F3827FC8732003CF140 /* Products */,
			);
			sourceTree = "<group>";
		};
		D2B58F3827FC8732003CF140 /* Products */ = {
			isa = PBXGroup;
			children = (
				D2B58F3727FC8732003CF140 /* WidgetDesignDemo.app */,
				D2B58F4727FC8733003CF140 /* WidgetDesignDemoTests.xctest */,
				D2B58F5127FC8733003CF140 /* WidgetDesignDemoUITests.xctest */,
				D279E051281143B900D520A9 /* WidgetDemoExtension.appex */,
			);
			name = Products;
			sourceTree = "<group>";
		};
		D2B58F3927FC8732003CF140 /* WidgetDesignDemo */ = {
			isa = PBXGroup;
			children = (
				D2B58F3A27FC8732003CF140 /* WidgetDesignDemoApp.swift */,
				D2B58F3C27FC8732003CF140 /* ContentView.swift */,
				D2B58F3E27FC8733003CF140 /* Assets.xcassets */,
				D2B58F4027FC8733003CF140 /* Preview Content */,
			);
			path = WidgetDesignDemo;
			sourceTree = "<group>";
		};
		D2B58F4027FC8733003CF140 /* Preview Content */ = {
			isa = PBXGroup;
			children = (
				D2B58F4127FC8733003CF140 /* Preview Assets.xcassets */,
			);
			path = "Preview Content";
			sourceTree = "<group>";
		};
		D2B58F4A27FC8733003CF140 /* WidgetDesignDemoTests */ = {
			isa = PBXGroup;
			children = (
				D2B58F4B27FC8733003CF140 /* WidgetDesignDemoTests.swift */,
			);
			path = WidgetDesignDemoTests;
			sourceTree = "<group>";
		};
		D2B58F5427FC8733003CF140 /* WidgetDesignDemoUITests */ = {
			isa = PBXGroup;
			children = (
				D2B58F5527FC8733003CF140 /* WidgetDesignDemoUITests.swift */,
				D2B58F5727FC8733003CF140 /* WidgetDesignDemoUITestsLaunchTests.swift */,
			);
			path = WidgetDesignDemoUITests;
			sourceTree = "<group>";
		};
/* End PBXGroup section */

/* Begin PBXNativeTarget section */
		D279E050281143B900D520A9 /* WidgetDemoExtension */ = {
			isa = PBXNativeTarget;
			buildConfigurationList = D279E063281143BA00D520A9 /* Build configuration list for PBXNativeTarget "WidgetDemoExtension" */;
			buildPhases = (
				D279E04D281143B900D520A9 /* Sources */,
				D279E04E281143B900D520A9 /* Frameworks */,
				D279E04F281143B900D520A9 /* Resources */,
			);
			buildRules = (
			);
			dependencies = (
			);
			name = WidgetDemoExtension;
			productName = WidgetDemoExtension;
			productReference = D279E051281143B900D520A9 /* WidgetDemoExtension.appex */;
			productType = "com.apple.product-type.app-extension";
		};
		D2B58F3627FC8732003CF140 /* WidgetDesignDemo */ = {
			isa = PBXNativeTarget;
			buildConfigurationList = D2B58F5B27FC8733003CF140 /* Build configuration list for PBXNativeTarget "WidgetDesignDemo" */;
			buildPhases = (
				D2B58F3327FC8732003CF140 /* Sources */,
				D2B58F3427FC8732003CF140 /* Frameworks */,
				D2B58F3527FC8732003CF140 /* Resources */,
				D279E060281143BA00D520A9 /* Embed App Extensions */,
			);
			buildRules = (
			);
			dependencies = (
				D279E05E281143BA00D520A9 /* PBXTargetDependency */,
			);
			name = WidgetDesignDemo;
			productName = WidgetDesignDemo;
			productReference = D2B58F3727FC8732003CF140 /* WidgetDesignDemo.app */;
			productType = "com.apple.product-type.application";
		};
		D2B58F4627FC8733003CF140 /* WidgetDesignDemoTests */ = {
			isa = PBXNativeTarget;
			buildConfigurationList = D2B58F5E27FC8733003CF140 /* Build configuration list for PBXNativeTarget "WidgetDesignDemoTests" */;
			buildPhases = (
				D2B58F4327FC8733003CF140 /* Sources */,
				D2B58F4427FC8733003CF140 /* Frameworks */,
				D2B58F4527FC8733003CF140 /* Resources */,
			);
			buildRules = (
			);
			dependencies = (
				D2B58F4927FC8733003CF140 /* PBXTargetDependency */,
			);
			name = WidgetDesignDemoTests;
			productName = WidgetDesignDemoTests;
			productReference = D2B58F4727FC8733003CF140 /* WidgetDesignDemoTests.xctest */;
			productType = "com.apple.product-type.bundle.unit-test";
		};
		D2B58F5027FC8733003CF140 /* WidgetDesignDemoUITests */ = {
			isa = PBXNativeTarget;
			buildConfigurationList = D2B58F6127FC8733003CF140 /* Build configuration list for PBXNativeTarget "WidgetDesignDemoUITests" */;
			buildPhases = (
				D2B58F4D27FC8733003CF140 /* Sources */,
				D2B58F4E27FC8733003CF140 /* Frameworks */,
				D2B58F4F27FC8733003CF140 /* Resources */,
			);
			buildRules = (
			);
			dependencies = (
				D2B58F5327FC8733003CF140 /* PBXTargetDependency */,
			);
			name = WidgetDesignDemoUITests;
			productName = WidgetDesignDemoUITests;
			productReference = D2B58F5127FC8733003CF140 /* WidgetDesignDemoUITests.xctest */;
			productType = "com.apple.product-type.bundle.ui-testing";
		};
/* End PBXNativeTarget section */

/* Begin PBXProject section */
		D2B58F2F27FC8732003CF140 /* Project object */ = {
			isa = PBXProject;
			attributes = {
				BuildIndependentTargetsInParallel = 1;
				LastSwiftUpdateCheck = 1330;
				LastUpgradeCheck = 1330;
				TargetAttributes = {
					D279E050281143B900D520A9 = {
						CreatedOnToolsVersion = 13.3.1;
					};
					D2B58F3627FC8732003CF140 = {
						CreatedOnToolsVersion = 13.3;
					};
					D2B58F4627FC8733003CF140 = {
						CreatedOnToolsVersion = 13.3;
						TestTargetID = D2B58F3627FC8732003CF140;
					};
					D2B58F5027FC8733003CF140 = {
						CreatedOnToolsVersion = 13.3;
						TestTargetID = D2B58F3627FC8732003CF140;
					};
				};
			};
			buildConfigurationList = D2B58F3227FC8732003CF140 /* Build configuration list for PBXProject "WidgetDesignDemo" */;
			compatibilityVersion = "Xcode 13.0";
			developmentRegion = en;
			hasScannedForEncodings = 0;
			knownRegions = (
				en,
				Base,
			);
			mainGroup = D2B58F2E27FC8732003CF140;
			productRefGroup = D2B58F3827FC8732003CF140 /* Products */;
			projectDirPath = "";
			projectRoot = "";
			targets = (
				D2B58F3627FC8732003CF140 /* WidgetDesignDemo */,
				D2B58F4627FC8733003CF140 /* WidgetDesignDemoTests */,
				D2B58F5027FC8733003CF140 /* WidgetDesignDemoUITests */,
				D279E050281143B900D520A9 /* WidgetDemoExtension */,
			);
		};
/* End PBXProject section */

/* Begin PBXResourcesBuildPhase section */
		D279E04F281143B900D520A9 /* Resources */ = {
			isa = PBXResourcesBuildPhase;
			buildActionMask = 2147483647;
			files = (
				D279E05B281143BA00D520A9 /* Assets.xcassets in Resources */,
			);
			runOnlyForDeploymentPostprocessing = 0;
		};
		D2B58F3527FC8732003CF140 /* Resources */ = {
			isa = PBXResourcesBuildPhase;
			buildActionMask = 2147483647;
			files = (
				D2B58F4227FC8733003CF140 /* Preview Assets.xcassets in Resources */,
				D2B58F3F27FC8733003CF140 /* Assets.xcassets in Resources */,
			);
			runOnlyForDeploymentPostprocessing = 0;
		};
		D2B58F4527FC8733003CF140 /* Resources */ = {
			isa = PBXResourcesBuildPhase;
			buildActionMask = 2147483647;
			files = (
			);
			runOnlyForDeploymentPostprocessing = 0;
		};
		D2B58F4F27FC8733003CF140 /* Resources */ = {
			isa = PBXResourcesBuildPhase;
			buildActionMask = 2147483647;
			files = (
			);
			runOnlyForDeploymentPostprocessing = 0;
		};
/* End PBXResourcesBuildPhase section */

/* Begin PBXSourcesBuildPhase section */
		D279E04D281143B900D520A9 /* Sources */ = {
			isa = PBXSourcesBuildPhase;
			buildActionMask = 2147483647;
			files = (
				D23EEDAF283CFC4D008CC637 /* DoubleExtension.swift in Sources */,
				D23EEDAD283CFC42008CC637 /* ColorExtension.swift in Sources */,
				D23EEDD5283D2208008CC637 /* FooterView.swift in Sources */,
				D23EEDC7283D098D008CC637 /* CurrencyModel.swift in Sources */,
				D23EEDB3283CFE7E008CC637 /* FontSizes.swift in Sources */,
				D23EEDDB283D29AA008CC637 /* MediumWidgetView.swift in Sources */,
				D23EEDD3283D20BB008CC637 /* ShortcutListView.swift in Sources */,
				D23EEDCF283D1F46008CC637 /* ShortcutView.swift in Sources */,
				D23EEDB5283D00E2008CC637 /* WidgetColors.swift in Sources */,
				D23EEDD7283D22B4008CC637 /* CurrencyWidgetEntryView.swift in Sources */,
				D23EEDB7283D01D6008CC637 /* FontTypes.swift in Sources */,
				D23EEDD9283D299F008CC637 /* LargeWidgetView.swift in Sources */,
				D23EEDCB283D1852008CC637 /* CurrencyHeaderView.swift in Sources */,
				D23EEDC1283D02AE008CC637 /* CurrencyWidgetView.swift in Sources */,
				D279E059281143BA00D520A9 /* WidgetDemo.swift in Sources */,
				D23EEDC3283D039D008CC637 /* TextExtension.swift in Sources */,
				D23EEDBD283D0276008CC637 /* DividerView.swift in Sources */,
				D23EEDBF283D028B008CC637 /* CurrencyView.swift in Sources */,
				D23EEDAA283CFA8F008CC637 /* DeviceType.swift in Sources */,
				D23EEDCD283D1CFF008CC637 /* CurrencyListView.swift in Sources */,
				D23EEDD1283D1FB6008CC637 /* ShortcutModel.swift in Sources */,
				D23EEDC9283D1570008CC637 /* HeaderView.swift in Sources */,
			);
			runOnlyForDeploymentPostprocessing = 0;
		};
		D2B58F3327FC8732003CF140 /* Sources */ = {
			isa = PBXSourcesBuildPhase;
			buildActionMask = 2147483647;
			files = (
				D2B58F3D27FC8732003CF140 /* ContentView.swift in Sources */,
				D2B58F3B27FC8732003CF140 /* WidgetDesignDemoApp.swift in Sources */,
			);
			runOnlyForDeploymentPostprocessing = 0;
		};
		D2B58F4327FC8733003CF140 /* Sources */ = {
			isa = PBXSourcesBuildPhase;
			buildActionMask = 2147483647;
			files = (
				D2B58F4C27FC8733003CF140 /* WidgetDesignDemoTests.swift in Sources */,
			);
			runOnlyForDeploymentPostprocessing = 0;
		};
		D2B58F4D27FC8733003CF140 /* Sources */ = {
			isa = PBXSourcesBuildPhase;
			buildActionMask = 2147483647;
			files = (
				D2B58F5627FC8733003CF140 /* WidgetDesignDemoUITests.swift in Sources */,
				D2B58F5827FC8733003CF140 /* WidgetDesignDemoUITestsLaunchTests.swift in Sources */,
			);
			runOnlyForDeploymentPostprocessing = 0;
		};
/* End PBXSourcesBuildPhase section */

/* Begin PBXTargetDependency section */
		D279E05E281143BA00D520A9 /* PBXTargetDependency */ = {
			isa = PBXTargetDependency;
			target = D279E050281143B900D520A9 /* WidgetDemoExtension */;
			targetProxy = D279E05D281143BA00D520A9 /* PBXContainerItemProxy */;
		};
		D2B58F4927FC8733003CF140 /* PBXTargetDependency */ = {
			isa = PBXTargetDependency;
			target = D2B58F3627FC8732003CF140 /* WidgetDesignDemo */;
			targetProxy = D2B58F4827FC8733003CF140 /* PBXContainerItemProxy */;
		};
		D2B58F5327FC8733003CF140 /* PBXTargetDependency */ = {
			isa = PBXTargetDependency;
			target = D2B58F3627FC8732003CF140 /* WidgetDesignDemo */;
			targetProxy = D2B58F5227FC8733003CF140 /* PBXContainerItemProxy */;
		};
/* End PBXTargetDependency section */

/* Begin XCBuildConfiguration section */
		D279E061281143BA00D520A9 /* Debug */ = {
			isa = XCBuildConfiguration;
			buildSettings = {
				ASSETCATALOG_COMPILER_GLOBAL_ACCENT_COLOR_NAME = AccentColor;
				ASSETCATALOG_COMPILER_WIDGET_BACKGROUND_COLOR_NAME = WidgetBackground;
				CODE_SIGN_STYLE = Automatic;
				CURRENT_PROJECT_VERSION = 1;
				DEVELOPMENT_TEAM = FKDTZYK273;
				GENERATE_INFOPLIST_FILE = YES;
				INFOPLIST_FILE = WidgetDemo/Info.plist;
				INFOPLIST_KEY_CFBundleDisplayName = WidgetDemo;
				INFOPLIST_KEY_NSHumanReadableCopyright = "";
				LD_RUNPATH_SEARCH_PATHS = (
					"$(inherited)",
					"@executable_path/Frameworks",
					"@executable_path/../../Frameworks",
				);
				MARKETING_VERSION = 1.0;
				PRODUCT_BUNDLE_IDENTIFIER = training.WidgetDesignDemo.WidgetDemo;
				PRODUCT_NAME = "$(TARGET_NAME)";
				SKIP_INSTALL = YES;
				SWIFT_EMIT_LOC_STRINGS = YES;
				SWIFT_VERSION = 5.0;
				TARGETED_DEVICE_FAMILY = "1,2";
			};
			name = Debug;
		};
		D279E062281143BA00D520A9 /* Release */ = {
			isa = XCBuildConfiguration;
			buildSettings = {
				ASSETCATALOG_COMPILER_GLOBAL_ACCENT_COLOR_NAME = AccentColor;
				ASSETCATALOG_COMPILER_WIDGET_BACKGROUND_COLOR_NAME = WidgetBackground;
				CODE_SIGN_STYLE = Automatic;
				CURRENT_PROJECT_VERSION = 1;
				DEVELOPMENT_TEAM = FKDTZYK273;
				GENERATE_INFOPLIST_FILE = YES;
				INFOPLIST_FILE = WidgetDemo/Info.plist;
				INFOPLIST_KEY_CFBundleDisplayName = WidgetDemo;
				INFOPLIST_KEY_NSHumanReadableCopyright = "";
				LD_RUNPATH_SEARCH_PATHS = (
					"$(inherited)",
					"@executable_path/Frameworks",
					"@executable_path/../../Frameworks",
				);
				MARKETING_VERSION = 1.0;
				PRODUCT_BUNDLE_IDENTIFIER = training.WidgetDesignDemo.WidgetDemo;
				PRODUCT_NAME = "$(TARGET_NAME)";
				SKIP_INSTALL = YES;
				SWIFT_EMIT_LOC_STRINGS = YES;
				SWIFT_VERSION = 5.0;
				TARGETED_DEVICE_FAMILY = "1,2";
			};
			name = Release;
		};
		D2B58F5927FC8733003CF140 /* Debug */ = {
			isa = XCBuildConfiguration;
			buildSettings = {
				ALWAYS_SEARCH_USER_PATHS = NO;
				CLANG_ANALYZER_NONNULL = YES;
				CLANG_ANALYZER_NUMBER_OBJECT_CONVERSION = YES_AGGRESSIVE;
				CLANG_CXX_LANGUAGE_STANDARD = "gnu++17";
				CLANG_ENABLE_MODULES = YES;
				CLANG_ENABLE_OBJC_ARC = YES;
				CLANG_ENABLE_OBJC_WEAK = YES;
				CLANG_WARN_BLOCK_CAPTURE_AUTORELEASING = YES;
				CLANG_WARN_BOOL_CONVERSION = YES;
				CLANG_WARN_COMMA = YES;
				CLANG_WARN_CONSTANT_CONVERSION = YES;
				CLANG_WARN_DEPRECATED_OBJC_IMPLEMENTATIONS = YES;
				CLANG_WARN_DIRECT_OBJC_ISA_USAGE = YES_ERROR;
				CLANG_WARN_DOCUMENTATION_COMMENTS = YES;
				CLANG_WARN_EMPTY_BODY = YES;
				CLANG_WARN_ENUM_CONVERSION = YES;
				CLANG_WARN_INFINITE_RECURSION = YES;
				CLANG_WARN_INT_CONVERSION = YES;
				CLANG_WARN_NON_LITERAL_NULL_CONVERSION = YES;
				CLANG_WARN_OBJC_IMPLICIT_RETAIN_SELF = YES;
				CLANG_WARN_OBJC_LITERAL_CONVERSION = YES;
				CLANG_WARN_OBJC_ROOT_CLASS = YES_ERROR;
				CLANG_WARN_QUOTED_INCLUDE_IN_FRAMEWORK_HEADER = YES;
				CLANG_WARN_RANGE_LOOP_ANALYSIS = YES;
				CLANG_WARN_STRICT_PROTOTYPES = YES;
				CLANG_WARN_SUSPICIOUS_MOVE = YES;
				CLANG_WARN_UNGUARDED_AVAILABILITY = YES_AGGRESSIVE;
				CLANG_WARN_UNREACHABLE_CODE = YES;
				CLANG_WARN__DUPLICATE_METHOD_MATCH = YES;
				COPY_PHASE_STRIP = NO;
				DEBUG_INFORMATION_FORMAT = dwarf;
				ENABLE_STRICT_OBJC_MSGSEND = YES;
				ENABLE_TESTABILITY = YES;
				GCC_C_LANGUAGE_STANDARD = gnu11;
				GCC_DYNAMIC_NO_PIC = NO;
				GCC_NO_COMMON_BLOCKS = YES;
				GCC_OPTIMIZATION_LEVEL = 0;
				GCC_PREPROCESSOR_DEFINITIONS = (
					"DEBUG=1",
					"$(inherited)",
				);
				GCC_WARN_64_TO_32_BIT_CONVERSION = YES;
				GCC_WARN_ABOUT_RETURN_TYPE = YES_ERROR;
				GCC_WARN_UNDECLARED_SELECTOR = YES;
				GCC_WARN_UNINITIALIZED_AUTOS = YES_AGGRESSIVE;
				GCC_WARN_UNUSED_FUNCTION = YES;
				GCC_WARN_UNUSED_VARIABLE = YES;
				IPHONEOS_DEPLOYMENT_TARGET = 15.4;
				MTL_ENABLE_DEBUG_INFO = INCLUDE_SOURCE;
				MTL_FAST_MATH = YES;
				ONLY_ACTIVE_ARCH = YES;
				SDKROOT = iphoneos;
				SWIFT_ACTIVE_COMPILATION_CONDITIONS = DEBUG;
				SWIFT_OPTIMIZATION_LEVEL = "-Onone";
			};
			name = Debug;
		};
		D2B58F5A27FC8733003CF140 /* Release */ = {
			isa = XCBuildConfiguration;
			buildSettings = {
				ALWAYS_SEARCH_USER_PATHS = NO;
				CLANG_ANALYZER_NONNULL = YES;
				CLANG_ANALYZER_NUMBER_OBJECT_CONVERSION = YES_AGGRESSIVE;
				CLANG_CXX_LANGUAGE_STANDARD = "gnu++17";
				CLANG_ENABLE_MODULES = YES;
				CLANG_ENABLE_OBJC_ARC = YES;
				CLANG_ENABLE_OBJC_WEAK = YES;
				CLANG_WARN_BLOCK_CAPTURE_AUTORELEASING = YES;
				CLANG_WARN_BOOL_CONVERSION = YES;
				CLANG_WARN_COMMA = YES;
				CLANG_WARN_CONSTANT_CONVERSION = YES;
				CLANG_WARN_DEPRECATED_OBJC_IMPLEMENTATIONS = YES;
				CLANG_WARN_DIRECT_OBJC_ISA_USAGE = YES_ERROR;
				CLANG_WARN_DOCUMENTATION_COMMENTS = YES;
				CLANG_WARN_EMPTY_BODY = YES;
				CLANG_WARN_ENUM_CONVERSION = YES;
				CLANG_WARN_INFINITE_RECURSION = YES;
				CLANG_WARN_INT_CONVERSION = YES;
				CLANG_WARN_NON_LITERAL_NULL_CONVERSION = YES;
				CLANG_WARN_OBJC_IMPLICIT_RETAIN_SELF = YES;
				CLANG_WARN_OBJC_LITERAL_CONVERSION = YES;
				CLANG_WARN_OBJC_ROOT_CLASS = YES_ERROR;
				CLANG_WARN_QUOTED_INCLUDE_IN_FRAMEWORK_HEADER = YES;
				CLANG_WARN_RANGE_LOOP_ANALYSIS = YES;
				CLANG_WARN_STRICT_PROTOTYPES = YES;
				CLANG_WARN_SUSPICIOUS_MOVE = YES;
				CLANG_WARN_UNGUARDED_AVAILABILITY = YES_AGGRESSIVE;
				CLANG_WARN_UNREACHABLE_CODE = YES;
				CLANG_WARN__DUPLICATE_METHOD_MATCH = YES;
				COPY_PHASE_STRIP = NO;
				DEBUG_INFORMATION_FORMAT = "dwarf-with-dsym";
				ENABLE_NS_ASSERTIONS = NO;
				ENABLE_STRICT_OBJC_MSGSEND = YES;
				GCC_C_LANGUAGE_STANDARD = gnu11;
				GCC_NO_COMMON_BLOCKS = YES;
				GCC_WARN_64_TO_32_BIT_CONVERSION = YES;
				GCC_WARN_ABOUT_RETURN_TYPE = YES_ERROR;
				GCC_WARN_UNDECLARED_SELECTOR = YES;
				GCC_WARN_UNINITIALIZED_AUTOS = YES_AGGRESSIVE;
				GCC_WARN_UNUSED_FUNCTION = YES;
				GCC_WARN_UNUSED_VARIABLE = YES;
				IPHONEOS_DEPLOYMENT_TARGET = 15.4;
				MTL_ENABLE_DEBUG_INFO = NO;
				MTL_FAST_MATH = YES;
				SDKROOT = iphoneos;
				SWIFT_COMPILATION_MODE = wholemodule;
				SWIFT_OPTIMIZATION_LEVEL = "-O";
				VALIDATE_PRODUCT = YES;
			};
			name = Release;
		};
		D2B58F5C27FC8733003CF140 /* Debug */ = {
			isa = XCBuildConfiguration;
			buildSettings = {
				ALWAYS_EMBED_SWIFT_STANDARD_LIBRARIES = YES;
				ASSETCATALOG_COMPILER_APPICON_NAME = AppIcon;
				ASSETCATALOG_COMPILER_GLOBAL_ACCENT_COLOR_NAME = AccentColor;
				CODE_SIGN_STYLE = Automatic;
				CURRENT_PROJECT_VERSION = 1;
				DEVELOPMENT_ASSET_PATHS = "\"WidgetDesignDemo/Preview Content\"";
				DEVELOPMENT_TEAM = FKDTZYK273;
				ENABLE_PREVIEWS = YES;
				GENERATE_INFOPLIST_FILE = YES;
				INFOPLIST_KEY_UIApplicationSceneManifest_Generation = YES;
				INFOPLIST_KEY_UIApplicationSupportsIndirectInputEvents = YES;
				INFOPLIST_KEY_UILaunchScreen_Generation = YES;
				INFOPLIST_KEY_UISupportedInterfaceOrientations_iPad = "UIInterfaceOrientationPortrait UIInterfaceOrientationPortraitUpsideDown UIInterfaceOrientationLandscapeLeft UIInterfaceOrientationLandscapeRight";
				INFOPLIST_KEY_UISupportedInterfaceOrientations_iPhone = "UIInterfaceOrientationPortrait UIInterfaceOrientationLandscapeLeft UIInterfaceOrientationLandscapeRight";
				LD_RUNPATH_SEARCH_PATHS = (
					"$(inherited)",
					"@executable_path/Frameworks",
				);
				MARKETING_VERSION = 1.0;
				PRODUCT_BUNDLE_IDENTIFIER = training.WidgetDesignDemo;
				PRODUCT_NAME = "$(TARGET_NAME)";
				SWIFT_EMIT_LOC_STRINGS = YES;
				SWIFT_VERSION = 5.0;
				TARGETED_DEVICE_FAMILY = "1,2";
			};
			name = Debug;
		};
		D2B58F5D27FC8733003CF140 /* Release */ = {
			isa = XCBuildConfiguration;
			buildSettings = {
				ALWAYS_EMBED_SWIFT_STANDARD_LIBRARIES = YES;
				ASSETCATALOG_COMPILER_APPICON_NAME = AppIcon;
				ASSETCATALOG_COMPILER_GLOBAL_ACCENT_COLOR_NAME = AccentColor;
				CODE_SIGN_STYLE = Automatic;
				CURRENT_PROJECT_VERSION = 1;
				DEVELOPMENT_ASSET_PATHS = "\"WidgetDesignDemo/Preview Content\"";
				DEVELOPMENT_TEAM = FKDTZYK273;
				ENABLE_PREVIEWS = YES;
				GENERATE_INFOPLIST_FILE = YES;
				INFOPLIST_KEY_UIApplicationSceneManifest_Generation = YES;
				INFOPLIST_KEY_UIApplicationSupportsIndirectInputEvents = YES;
				INFOPLIST_KEY_UILaunchScreen_Generation = YES;
				INFOPLIST_KEY_UISupportedInterfaceOrientations_iPad = "UIInterfaceOrientationPortrait UIInterfaceOrientationPortraitUpsideDown UIInterfaceOrientationLandscapeLeft UIInterfaceOrientationLandscapeRight";
				INFOPLIST_KEY_UISupportedInterfaceOrientations_iPhone = "UIInterfaceOrientationPortrait UIInterfaceOrientationLandscapeLeft UIInterfaceOrientationLandscapeRight";
				LD_RUNPATH_SEARCH_PATHS = (
					"$(inherited)",
					"@executable_path/Frameworks",
				);
				MARKETING_VERSION = 1.0;
				PRODUCT_BUNDLE_IDENTIFIER = training.WidgetDesignDemo;
				PRODUCT_NAME = "$(TARGET_NAME)";
				SWIFT_EMIT_LOC_STRINGS = YES;
				SWIFT_VERSION = 5.0;
				TARGETED_DEVICE_FAMILY = "1,2";
			};
			name = Release;
		};
		D2B58F5F27FC8733003CF140 /* Debug */ = {
			isa = XCBuildConfiguration;
			buildSettings = {
				ALWAYS_EMBED_SWIFT_STANDARD_LIBRARIES = YES;
				BUNDLE_LOADER = "$(TEST_HOST)";
				CODE_SIGN_STYLE = Automatic;
				CURRENT_PROJECT_VERSION = 1;
				GENERATE_INFOPLIST_FILE = YES;
				IPHONEOS_DEPLOYMENT_TARGET = 15.4;
				MARKETING_VERSION = 1.0;
				PRODUCT_BUNDLE_IDENTIFIER = training.WidgetDesignDemoTests;
				PRODUCT_NAME = "$(TARGET_NAME)";
				SWIFT_EMIT_LOC_STRINGS = NO;
				SWIFT_VERSION = 5.0;
				TARGETED_DEVICE_FAMILY = "1,2";
				TEST_HOST = "$(BUILT_PRODUCTS_DIR)/WidgetDesignDemo.app/WidgetDesignDemo";
			};
			name = Debug;
		};
		D2B58F6027FC8733003CF140 /* Release */ = {
			isa = XCBuildConfiguration;
			buildSettings = {
				ALWAYS_EMBED_SWIFT_STANDARD_LIBRARIES = YES;
				BUNDLE_LOADER = "$(TEST_HOST)";
				CODE_SIGN_STYLE = Automatic;
				CURRENT_PROJECT_VERSION = 1;
				GENERATE_INFOPLIST_FILE = YES;
				IPHONEOS_DEPLOYMENT_TARGET = 15.4;
				MARKETING_VERSION = 1.0;
				PRODUCT_BUNDLE_IDENTIFIER = training.WidgetDesignDemoTests;
				PRODUCT_NAME = "$(TARGET_NAME)";
				SWIFT_EMIT_LOC_STRINGS = NO;
				SWIFT_VERSION = 5.0;
				TARGETED_DEVICE_FAMILY = "1,2";
				TEST_HOST = "$(BUILT_PRODUCTS_DIR)/WidgetDesignDemo.app/WidgetDesignDemo";
			};
			name = Release;
		};
		D2B58F6227FC8733003CF140 /* Debug */ = {
			isa = XCBuildConfiguration;
			buildSettings = {
				ALWAYS_EMBED_SWIFT_STANDARD_LIBRARIES = YES;
				CODE_SIGN_STYLE = Automatic;
				CURRENT_PROJECT_VERSION = 1;
				GENERATE_INFOPLIST_FILE = YES;
				MARKETING_VERSION = 1.0;
				PRODUCT_BUNDLE_IDENTIFIER = training.WidgetDesignDemoUITests;
				PRODUCT_NAME = "$(TARGET_NAME)";
				SWIFT_EMIT_LOC_STRINGS = NO;
				SWIFT_VERSION = 5.0;
				TARGETED_DEVICE_FAMILY = "1,2";
				TEST_TARGET_NAME = WidgetDesignDemo;
			};
			name = Debug;
		};
		D2B58F6327FC8733003CF140 /* Release */ = {
			isa = XCBuildConfiguration;
			buildSettings = {
				ALWAYS_EMBED_SWIFT_STANDARD_LIBRARIES = YES;
				CODE_SIGN_STYLE = Automatic;
				CURRENT_PROJECT_VERSION = 1;
				GENERATE_INFOPLIST_FILE = YES;
				MARKETING_VERSION = 1.0;
				PRODUCT_BUNDLE_IDENTIFIER = training.WidgetDesignDemoUITests;
				PRODUCT_NAME = "$(TARGET_NAME)";
				SWIFT_EMIT_LOC_STRINGS = NO;
				SWIFT_VERSION = 5.0;
				TARGETED_DEVICE_FAMILY = "1,2";
				TEST_TARGET_NAME = WidgetDesignDemo;
			};
			name = Release;
		};
/* End XCBuildConfiguration section */

/* Begin XCConfigurationList section */
		D279E063281143BA00D520A9 /* Build configuration list for PBXNativeTarget "WidgetDemoExtension" */ = {
			isa = XCConfigurationList;
			buildConfigurations = (
				D279E061281143BA00D520A9 /* Debug */,
				D279E062281143BA00D520A9 /* Release */,
			);
			defaultConfigurationIsVisible = 0;
			defaultConfigurationName = Release;
		};
		D2B58F3227FC8732003CF140 /* Build configuration list for PBXProject "WidgetDesignDemo" */ = {
			isa = XCConfigurationList;
			buildConfigurations = (
				D2B58F5927FC8733003CF140 /* Debug */,
				D2B58F5A27FC8733003CF140 /* Release */,
			);
			defaultConfigurationIsVisible = 0;
			defaultConfigurationName = Release;
		};
		D2B58F5B27FC8733003CF140 /* Build configuration list for PBXNativeTarget "WidgetDesignDemo" */ = {
			isa = XCConfigurationList;
			buildConfigurations = (
				D2B58F5C27FC8733003CF140 /* Debug */,
				D2B58F5D27FC8733003CF140 /* Release */,
			);
			defaultConfigurationIsVisible = 0;
			defaultConfigurationName = Release;
		};
		D2B58F5E27FC8733003CF140 /* Build configuration list for PBXNativeTarget "WidgetDesignDemoTests" */ = {
			isa = XCConfigurationList;
			buildConfigurations = (
				D2B58F5F27FC8733003CF140 /* Debug */,
				D2B58F6027FC8733003CF140 /* Release */,
			);
			defaultConfigurationIsVisible = 0;
			defaultConfigurationName = Release;
		};
		D2B58F6127FC8733003CF140 /* Build configuration list for PBXNativeTarget "WidgetDesignDemoUITests" */ = {
			isa = XCConfigurationList;
			buildConfigurations = (
				D2B58F6227FC8733003CF140 /* Debug */,
				D2B58F6327FC8733003CF140 /* Release */,
			);
			defaultConfigurationIsVisible = 0;
			defaultConfigurationName = Release;
		};
/* End XCConfigurationList section */
	};
	rootObject = D2B58F2F27FC8732003CF140 /* Project object */;
}
